
Microsoft Visual Studio Solution File, Format Version 12.00
# Visual Studio Version 17
VisualStudioVersion = 17.0.32112.339
MinimumVisualStudioVersion = 10.0.40219.1
Project("{FAE04EC0-301F-11D3-BF4B-00C04F79EFBC}") = "kt10", "kt10\kt10.csproj", "{42E42EA5-2B1D-4BCE-8CF7-28F1804F63EC}"
EndProject
Global
	GlobalSection(SolutionConfigurationPlatforms) = preSolution
		Debug|Any CPU = Debug|Any CPU
		Release|Any CPU = Release|Any CPU
	EndGlobalSection
	GlobalSection(ProjectConfigurationPlatforms) = postSolution
		{42E42EA5-2B1D-4BCE-8CF7-28F1804F63EC}.Debug|Any CPU.ActiveCfg = Debug|Any CPU
		{42E42EA5-2B1D-4BCE-8CF7-28F1804F63EC}.Debug|Any CPU.Build.0 = Debug|Any CPU
		{42E42EA5-2B1D-4BCE-8CF7-28F1804F63EC}.Release|Any CPU.ActiveCfg = Release|Any CPU
		{42E42EA5-2B1D-4BCE-8CF7-28F1804F63EC}.Release|Any CPU.Build.0 = Release|Any CPU
	EndGlobalSection
	GlobalSection(SolutionProperties) = preSolution
		HideSolutionNode = FALSE
	EndGlobalSection
	GlobalSection(ExtensibilityGlobals) = postSolution
		SolutionGuid = {659478C0-4823-432B-A382-5A95BB3211C7}
	EndGlobalSection
EndGlobal
